<Solution>
  <Folder Name="/Solution Items/">
    <File Path=".github/workflows/dotnet.yml" />
    <File Path="Rest.http" />
  </Folder>
  <Project Path="AccountProcessing.Infra/AccountProcessingInfra/AccountProcessingInfra.csproj" />
  <Project Path="AccountProcessingLambda/AccountProcessingLambda.csproj" />
  <Project Path="Functional/Functional.csproj" Id="cba3bc42-0f18-40ff-b1a6-480049f930d8" />
  <Project Path="Tests/AccountProcessingLambda.Tests/AccountProcessingLambda.Tests.csproj" />
</Solution>
